{
  "name": "@modsen-software/student-practice-nodejs-template",
  "version": "1.0.0",
  "main": "index.js",
  "scripts": {
    "start": "node index.js",
    "dev": "nodemon index.js",
    "test": "jest",
    "test:watch": "jest --watchAll"
  },
  "author": "",
  "license": "ISC",
  "dependencies": {
    "nodemon": "^2.0.14"
  },
  "devDependencies": {
    "jest": "^27.5.1"
  },
  "description": ""
}